{"version":4,"terraform_version":"1.9.1","serial":4,"lineage":"a5882a4c-ebd6-e137-e2ce-40f05fa001e4","outputs":{},"resources":[{"module":"module.bootstrap","mode":"data","type":"aws_caller_identity","name":"current","provider":"provider[\"registry.opentofu.org/hashicorp/aws\"]","instances":[{"schema_version":0,"attributes":{"account_id":"031988645913","arn":"arn:aws:iam::031988645913:user/fabrice","id":"031988645913","user_id":"AIDAQO4VMAAM46AJQMMZB"},"sensitive_attributes":[]}]},{"module":"module.bootstrap","mode":"data","type":"aws_region","name":"current","provider":"provider[\"registry.opentofu.org/hashicorp/aws\"]","instances":[{"schema_version":0,"attributes":{"description":"Europe (Frankfurt)","endpoint":"ec2.eu-central-1.amazonaws.com","id":"eu-central-1","name":"eu-central-1","region":"eu-central-1"},"sensitive_attributes":[]}]},{"module":"module.bootstrap","mode":"managed","type":"aws_dynamodb_table","name":"tf_locks","provider":"provider[\"registry.opentofu.org/hashicorp/aws\"]","instances":[{"schema_version":1,"attributes":{"arn":"arn:aws:dynamodb:eu-central-1:031988645913:table/myorg-myproject-nonprod-tf-locks-eu-central-1","attribute":[{"name":"LockID","type":"S"}],"billing_mode":"PAY_PER_REQUEST","deletion_protection_enabled":false,"global_secondary_index":[],"global_table_witness":[],"hash_key":"LockID","id":"myorg-myproject-nonprod-tf-locks-eu-central-1","import_table":[],"local_secondary_index":[],"name":"myorg-myproject-nonprod-tf-locks-eu-central-1","on_demand_throughput":[],"point_in_time_recovery":[{"enabled":false,"recovery_period_in_days":0}],"range_key":null,"read_capacity":0,"region":"eu-central-1","replica":[],"restore_date_time":null,"restore_source_name":null,"restore_source_table_arn":null,"restore_to_latest_time":null,"server_side_encryption":[{"enabled":true,"kms_key_arn":"arn:aws:kms:eu-central-1:031988645913:key/d5958175-443a-4769-a7e6-f7c4d0983f2d"}],"stream_arn":"","stream_enabled":false,"stream_label":"","stream_view_type":"","table_class":"STANDARD","tags":{"ModuleSource":"modules/bootstrap","Name":"myorg-myproject-nonprod-tf-locks-eu-central-1","Purpose":"Store OpenTofu state locks for the nonprod realm"},"tags_all":{"ModuleSource":"modules/bootstrap","Name":"myorg-myproject-nonprod-tf-locks-eu-central-1","Purpose":"Store OpenTofu state locks for the nonprod realm","Realm":"nonprod","Source":"bootstrap/nonprod"},"timeouts":null,"ttl":[{"attribute_name":"","enabled":false}],"warm_throughput":[],"write_capacity":0},"sensitive_attributes":[],"private":"eyJlMmJmYjczMC1lY2FhLTExZTYtOGY4OC0zNDM2M2JjN2M0YzAiOnsiY3JlYXRlIjoxODAwMDAwMDAwMDAwLCJkZWxldGUiOjYwMDAwMDAwMDAwMCwidXBkYXRlIjozNjAwMDAwMDAwMDAwfSwic2NoZW1hX3ZlcnNpb24iOiIxIn0=","dependencies":["module.bootstrap.data.aws_region.current","module.bootstrap.module.key.aws_kms_external_key.this","module.bootstrap.module.key.aws_kms_key.this","module.bootstrap.module.key.aws_kms_replica_external_key.this","module.bootstrap.module.key.aws_kms_replica_key.this","module.bootstrap.module.key.data.aws_caller_identity.current","module.bootstrap.module.key.data.aws_iam_policy_document.this","module.bootstrap.module.key.data.aws_partition.current"]}]},{"module":"module.bootstrap.module.key","mode":"data","type":"aws_caller_identity","name":"current","provider":"provider[\"registry.opentofu.org/hashicorp/aws\"]","instances":[{"index_key":0,"schema_version":0,"attributes":{"account_id":"031988645913","arn":"arn:aws:iam::031988645913:user/fabrice","id":"031988645913","user_id":"AIDAQO4VMAAM46AJQMMZB"},"sensitive_attributes":[]}]},{"module":"module.bootstrap.module.key","mode":"data","type":"aws_iam_policy_document","name":"this","provider":"provider[\"registry.opentofu.org/hashicorp/aws\"]","instances":[{"index_key":0,"schema_version":0,"attributes":{"id":"3459873996","json":"{\n  \"Version\": \"2012-10-17\",\n  \"Statement\": [\n    {\n      \"Sid\": \"Default\",\n      \"Effect\": \"Allow\",\n      \"Action\": \"kms:*\",\n      \"Resource\": \"*\",\n      \"Principal\": {\n        \"AWS\": \"arn:aws:iam::031988645913:root\"\n      }\n    }\n  ]\n}","minified_json":"{\"Version\":\"2012-10-17\",\"Statement\":[{\"Sid\":\"Default\",\"Effect\":\"Allow\",\"Action\":\"kms:*\",\"Resource\":\"*\",\"Principal\":{\"AWS\":\"arn:aws:iam::031988645913:root\"}}]}","override_json":null,"override_policy_documents":null,"policy_id":null,"source_json":null,"source_policy_documents":null,"statement":[{"actions":["kms:*"],"condition":[],"effect":"Allow","not_actions":[],"not_principals":[],"not_resources":[],"principals":[{"identifiers":["arn:aws:iam::031988645913:root"],"type":"AWS"}],"resources":["*"],"sid":"Default"}],"version":"2012-10-17"},"sensitive_attributes":[]}]},{"module":"module.bootstrap.module.key","mode":"data","type":"aws_partition","name":"current","provider":"provider[\"registry.opentofu.org/hashicorp/aws\"]","instances":[{"index_key":0,"schema_version":0,"attributes":{"dns_suffix":"amazonaws.com","id":"aws","partition":"aws","reverse_dns_prefix":"com.amazonaws"},"sensitive_attributes":[]}]},{"module":"module.bootstrap.module.key","mode":"managed","type":"aws_kms_alias","name":"this","provider":"provider[\"registry.opentofu.org/hashicorp/aws\"]","instances":[{"index_key":"alias/tf","schema_version":0,"attributes":{"arn":"arn:aws:kms:eu-central-1:031988645913:alias/alias/tf","id":"alias/alias/tf","name":"alias/alias/tf","name_prefix":"","region":"eu-central-1","target_key_arn":"arn:aws:kms:eu-central-1:031988645913:key/d5958175-443a-4769-a7e6-f7c4d0983f2d","target_key_id":"d5958175-443a-4769-a7e6-f7c4d0983f2d"},"sensitive_attributes":[],"private":"bnVsbA==","dependencies":["module.bootstrap.module.key.aws_kms_external_key.this","module.bootstrap.module.key.aws_kms_key.this","module.bootstrap.module.key.aws_kms_replica_external_key.this","module.bootstrap.module.key.aws_kms_replica_key.this","module.bootstrap.module.key.data.aws_caller_identity.current","module.bootstrap.module.key.data.aws_iam_policy_document.this","module.bootstrap.module.key.data.aws_partition.current"]}]},{"module":"module.bootstrap.module.key","mode":"managed","type":"aws_kms_key","name":"this","provider":"provider[\"registry.opentofu.org/hashicorp/aws\"]","instances":[{"index_key":0,"schema_version":0,"attributes":{"arn":"arn:aws:kms:eu-central-1:031988645913:key/d5958175-443a-4769-a7e6-f7c4d0983f2d","bypass_policy_lockout_safety_check":false,"custom_key_store_id":"","customer_master_key_spec":"SYMMETRIC_DEFAULT","deletion_window_in_days":7,"description":"Key to encrypt OpenTofu states and DynamoDB lock tables","enable_key_rotation":true,"id":"d5958175-443a-4769-a7e6-f7c4d0983f2d","is_enabled":true,"key_id":"d5958175-443a-4769-a7e6-f7c4d0983f2d","key_usage":"ENCRYPT_DECRYPT","multi_region":false,"policy":"{\"Statement\":[{\"Action\":\"kms:*\",\"Effect\":\"Allow\",\"Principal\":{\"AWS\":\"arn:aws:iam::031988645913:root\"},\"Resource\":\"*\",\"Sid\":\"Default\"}],\"Version\":\"2012-10-17\"}","region":"eu-central-1","rotation_period_in_days":90,"tags":{"ModuleSource":"modules/bootstrap","Name":"alias/tf"},"tags_all":{"ModuleSource":"modules/bootstrap","Name":"alias/tf","Realm":"nonprod","Source":"bootstrap/nonprod"},"timeouts":null,"xks_key_id":""},"sensitive_attributes":[],"private":"eyJlMmJmYjczMC1lY2FhLTExZTYtOGY4OC0zNDM2M2JjN2M0YzAiOnsiY3JlYXRlIjoxMjAwMDAwMDAwMDB9fQ==","dependencies":["module.bootstrap.module.key.data.aws_caller_identity.current","module.bootstrap.module.key.data.aws_iam_policy_document.this","module.bootstrap.module.key.data.aws_partition.current"]}]},{"module":"module.bootstrap.module.logs_bucket","mode":"data","type":"aws_caller_identity","name":"current","provider":"provider[\"registry.opentofu.org/hashicorp/aws\"]","instances":[{"schema_version":0,"attributes":{"account_id":"031988645913","arn":"arn:aws:iam::031988645913:user/fabrice","id":"031988645913","user_id":"AIDAQO4VMAAM46AJQMMZB"},"sensitive_attributes":[]}]},{"module":"module.bootstrap.module.logs_bucket","mode":"data","type":"aws_iam_policy_document","name":"access_log_delivery","provider":"provider[\"registry.opentofu.org/hashicorp/aws\"]","instances":[{"index_key":0,"schema_version":0,"attributes":{"id":"4288173681","json":"{\n  \"Version\": \"2012-10-17\",\n  \"Statement\": [\n    {\n      \"Sid\": \"AWSAccessLogDeliveryWrite\",\n      \"Effect\": \"Allow\",\n      \"Action\": \"s3:PutObject\",\n      \"Resource\": \"arn:aws:s3:::myorg-myproject-nonprod-tf-eu-central-1-logs/*\",\n      \"Principal\": {\n        \"Service\": \"logging.s3.amazonaws.com\"\n      },\n      \"Condition\": {\n        \"ForAnyValue:ArnLike\": {\n          \"aws:SourceArn\": \"arn:aws:s3:::myorg-myproject-nonprod-tf-eu-central-1\"\n        }\n      }\n    },\n    {\n      \"Sid\": \"AWSAccessLogDeliveryAclCheck\",\n      \"Effect\": \"Allow\",\n      \"Action\": \"s3:GetBucketAcl\",\n      \"Resource\": \"arn:aws:s3:::myorg-myproject-nonprod-tf-eu-central-1-logs\",\n      \"Principal\": {\n        \"Service\": \"logging.s3.amazonaws.com\"\n      }\n    }\n  ]\n}","minified_json":"{\"Version\":\"2012-10-17\",\"Statement\":[{\"Sid\":\"AWSAccessLogDeliveryWrite\",\"Effect\":\"Allow\",\"Action\":\"s3:PutObject\",\"Resource\":\"arn:aws:s3:::myorg-myproject-nonprod-tf-eu-central-1-logs/*\",\"Principal\":{\"Service\":\"logging.s3.amazonaws.com\"},\"Condition\":{\"ForAnyValue:ArnLike\":{\"aws:SourceArn\":\"arn:aws:s3:::myorg-myproject-nonprod-tf-eu-central-1\"}}},{\"Sid\":\"AWSAccessLogDeliveryAclCheck\",\"Effect\":\"Allow\",\"Action\":\"s3:GetBucketAcl\",\"Resource\":\"arn:aws:s3:::myorg-myproject-nonprod-tf-eu-central-1-logs\",\"Principal\":{\"Service\":\"logging.s3.amazonaws.com\"}}]}","override_json":null,"override_policy_documents":null,"policy_id":null,"source_json":null,"source_policy_documents":null,"statement":[{"actions":["s3:PutObject"],"condition":[{"test":"ForAnyValue:ArnLike","values":["arn:aws:s3:::myorg-myproject-nonprod-tf-eu-central-1"],"variable":"aws:SourceArn"}],"effect":"Allow","not_actions":[],"not_principals":[],"not_resources":[],"principals":[{"identifiers":["logging.s3.amazonaws.com"],"type":"Service"}],"resources":["arn:aws:s3:::myorg-myproject-nonprod-tf-eu-central-1-logs/*"],"sid":"AWSAccessLogDeliveryWrite"},{"actions":["s3:GetBucketAcl"],"condition":[],"effect":"Allow","not_actions":[],"not_principals":[],"not_resources":[],"principals":[{"identifiers":["logging.s3.amazonaws.com"],"type":"Service"}],"resources":["arn:aws:s3:::myorg-myproject-nonprod-tf-eu-central-1-logs"],"sid":"AWSAccessLogDeliveryAclCheck"}],"version":"2012-10-17"},"sensitive_attributes":[]}]},{"module":"module.bootstrap.module.logs_bucket","mode":"data","type":"aws_iam_policy_document","name":"combined","provider":"provider[\"registry.opentofu.org/hashicorp/aws\"]","instances":[{"index_key":0,"schema_version":0,"attributes":{"id":"4288173681","json":"{\n  \"Version\": \"2012-10-17\",\n  \"Statement\": [\n    {\n      \"Sid\": \"AWSAccessLogDeliveryWrite\",\n      \"Effect\": \"Allow\",\n      \"Action\": \"s3:PutObject\",\n      \"Resource\": \"arn:aws:s3:::myorg-myproject-nonprod-tf-eu-central-1-logs/*\",\n      \"Principal\": {\n        \"Service\": \"logging.s3.amazonaws.com\"\n      },\n      \"Condition\": {\n        \"ForAnyValue:ArnLike\": {\n          \"aws:SourceArn\": \"arn:aws:s3:::myorg-myproject-nonprod-tf-eu-central-1\"\n        }\n      }\n    },\n    {\n      \"Sid\": \"AWSAccessLogDeliveryAclCheck\",\n      \"Effect\": \"Allow\",\n      \"Action\": \"s3:GetBucketAcl\",\n      \"Resource\": \"arn:aws:s3:::myorg-myproject-nonprod-tf-eu-central-1-logs\",\n      \"Principal\": {\n        \"Service\": \"logging.s3.amazonaws.com\"\n      }\n    }\n  ]\n}","minified_json":"{\"Version\":\"2012-10-17\",\"Statement\":[{\"Sid\":\"AWSAccessLogDeliveryWrite\",\"Effect\":\"Allow\",\"Action\":\"s3:PutObject\",\"Resource\":\"arn:aws:s3:::myorg-myproject-nonprod-tf-eu-central-1-logs/*\",\"Principal\":{\"Service\":\"logging.s3.amazonaws.com\"},\"Condition\":{\"ForAnyValue:ArnLike\":{\"aws:SourceArn\":\"arn:aws:s3:::myorg-myproject-nonprod-tf-eu-central-1\"}}},{\"Sid\":\"AWSAccessLogDeliveryAclCheck\",\"Effect\":\"Allow\",\"Action\":\"s3:GetBucketAcl\",\"Resource\":\"arn:aws:s3:::myorg-myproject-nonprod-tf-eu-central-1-logs\",\"Principal\":{\"Service\":\"logging.s3.amazonaws.com\"}}]}","override_json":null,"override_policy_documents":null,"policy_id":null,"source_json":null,"source_policy_documents":["{\n  \"Version\": \"2012-10-17\",\n  \"Statement\": [\n    {\n      \"Sid\": \"AWSAccessLogDeliveryWrite\",\n      \"Effect\": \"Allow\",\n      \"Action\": \"s3:PutObject\",\n      \"Resource\": \"arn:aws:s3:::myorg-myproject-nonprod-tf-eu-central-1-logs/*\",\n      \"Principal\": {\n        \"Service\": \"logging.s3.amazonaws.com\"\n      },\n      \"Condition\": {\n        \"ForAnyValue:ArnLike\": {\n          \"aws:SourceArn\": \"arn:aws:s3:::myorg-myproject-nonprod-tf-eu-central-1\"\n        }\n      }\n    },\n    {\n      \"Sid\": \"AWSAccessLogDeliveryAclCheck\",\n      \"Effect\": \"Allow\",\n      \"Action\": \"s3:GetBucketAcl\",\n      \"Resource\": \"arn:aws:s3:::myorg-myproject-nonprod-tf-eu-central-1-logs\",\n      \"Principal\": {\n        \"Service\": \"logging.s3.amazonaws.com\"\n      }\n    }\n  ]\n}"],"statement":null,"version":"2012-10-17"},"sensitive_attributes":[]}]},{"module":"module.bootstrap.module.logs_bucket","mode":"data","type":"aws_partition","name":"current","provider":"provider[\"registry.opentofu.org/hashicorp/aws\"]","instances":[{"schema_version":0,"attributes":{"dns_suffix":"amazonaws.com","id":"aws","partition":"aws","reverse_dns_prefix":"com.amazonaws"},"sensitive_attributes":[]}]},{"module":"module.bootstrap.module.logs_bucket","mode":"data","type":"aws_region","name":"current","provider":"provider[\"registry.opentofu.org/hashicorp/aws\"]","instances":[{"schema_version":0,"attributes":{"description":"Europe (Frankfurt)","endpoint":"ec2.eu-central-1.amazonaws.com","id":"eu-central-1","name":"eu-central-1","region":"eu-central-1"},"sensitive_attributes":[]}]},{"module":"module.bootstrap.module.logs_bucket","mode":"managed","type":"aws_s3_bucket","name":"this","provider":"provider[\"registry.opentofu.org/hashicorp/aws\"]","instances":[{"index_key":0,"schema_version":0,"attributes":{"acceleration_status":"","acl":null,"arn":"arn:aws:s3:::myorg-myproject-nonprod-tf-eu-central-1-logs","bucket":"myorg-myproject-nonprod-tf-eu-central-1-logs","bucket_domain_name":"myorg-myproject-nonprod-tf-eu-central-1-logs.s3.amazonaws.com","bucket_prefix":"","bucket_region":"eu-central-1","bucket_regional_domain_name":"myorg-myproject-nonprod-tf-eu-central-1-logs.s3.eu-central-1.amazonaws.com","cors_rule":[],"force_destroy":false,"grant":[{"id":"0949aea840aa810177edaf746b5dd8f5bfe0b5a9ab3b6502ef70e4d9cf0752d9","permissions":["FULL_CONTROL"],"type":"CanonicalUser","uri":""}],"hosted_zone_id":"Z21DNDUVLTQW6Q","id":"myorg-myproject-nonprod-tf-eu-central-1-logs","lifecycle_rule":[{"abort_incomplete_multipart_upload_days":0,"enabled":true,"expiration":[{"date":"","days":365,"expired_object_delete_marker":false}],"id":"cleanup","noncurrent_version_expiration":[],"noncurrent_version_transition":[],"prefix":"","tags":{},"transition":[]}],"logging":[],"object_lock_configuration":[],"object_lock_enabled":false,"policy":"","region":"eu-central-1","replication_configuration":[],"request_payer":"BucketOwner","server_side_encryption_configuration":[{"rule":[{"apply_server_side_encryption_by_default":[{"kms_master_key_id":"alias/tf","sse_algorithm":"aws:kms"}],"bucket_key_enabled":false}]}],"tags":{"ModuleSource":"modules/bootstrap","Name":"myorg-myproject-nonprod-tf-eu-central-1-logs","Purpose":"Store access logs from the OpenTofu states bucket for the nonprod realm"},"tags_all":{"ModuleSource":"modules/bootstrap","Name":"myorg-myproject-nonprod-tf-eu-central-1-logs","Purpose":"Store access logs from the OpenTofu states bucket for the nonprod realm","Realm":"nonprod","Source":"bootstrap/nonprod"},"timeouts":null,"versioning":[{"enabled":false,"mfa_delete":false}],"website":[],"website_domain":null,"website_endpoint":null},"sensitive_attributes":[],"private":"eyJlMmJmYjczMC1lY2FhLTExZTYtOGY4OC0zNDM2M2JjN2M0YzAiOnsiY3JlYXRlIjoxMjAwMDAwMDAwMDAwLCJkZWxldGUiOjM2MDAwMDAwMDAwMDAsInJlYWQiOjEyMDAwMDAwMDAwMDAsInVwZGF0ZSI6MTIwMDAwMDAwMDAwMH19","dependencies":["module.bootstrap.data.aws_region.current"]}]},{"module":"module.bootstrap.module.logs_bucket","mode":"managed","type":"aws_s3_bucket_lifecycle_configuration","name":"this","provider":"provider[\"registry.opentofu.org/hashicorp/aws\"]","instances":[{"index_key":0,"schema_version":1,"attributes":{"bucket":"myorg-myproject-nonprod-tf-eu-central-1-logs","expected_bucket_owner":"","id":"myorg-myproject-nonprod-tf-eu-central-1-logs","region":"eu-central-1","rule":[{"abort_incomplete_multipart_upload":[],"expiration":[{"date":null,"days":365,"expired_object_delete_marker":false}],"filter":[],"id":"cleanup","noncurrent_version_expiration":[],"noncurrent_version_transition":[],"prefix":"","status":"Enabled","transition":[]}],"timeouts":null,"transition_default_minimum_object_size":"all_storage_classes_128K"},"sensitive_attributes":[],"dependencies":["module.bootstrap.data.aws_region.current","module.bootstrap.module.logs_bucket.aws_s3_bucket.this","module.bootstrap.module.logs_bucket.aws_s3_bucket_replication_configuration.this","module.bootstrap.module.logs_bucket.aws_s3_bucket_versioning.this","module.bootstrap.module.logs_bucket.aws_s3_directory_bucket.this"]}]},{"module":"module.bootstrap.module.logs_bucket","mode":"managed","type":"aws_s3_bucket_policy","name":"this","provider":"provider[\"registry.opentofu.org/hashicorp/aws\"]","instances":[{"index_key":0,"schema_version":0,"attributes":{"bucket":"myorg-myproject-nonprod-tf-eu-central-1-logs","id":"myorg-myproject-nonprod-tf-eu-central-1-logs","policy":"{\"Statement\":[{\"Action\":\"s3:PutObject\",\"Condition\":{\"ForAnyValue:ArnLike\":{\"aws:SourceArn\":\"arn:aws:s3:::myorg-myproject-nonprod-tf-eu-central-1\"}},\"Effect\":\"Allow\",\"Principal\":{\"Service\":\"logging.s3.amazonaws.com\"},\"Resource\":\"arn:aws:s3:::myorg-myproject-nonprod-tf-eu-central-1-logs/*\",\"Sid\":\"AWSAccessLogDeliveryWrite\"},{\"Action\":\"s3:GetBucketAcl\",\"Effect\":\"Allow\",\"Principal\":{\"Service\":\"logging.s3.amazonaws.com\"},\"Resource\":\"arn:aws:s3:::myorg-myproject-nonprod-tf-eu-central-1-logs\",\"Sid\":\"AWSAccessLogDeliveryAclCheck\"}],\"Version\":\"2012-10-17\"}","region":"eu-central-1"},"sensitive_attributes":[],"private":"bnVsbA==","dependencies":["module.bootstrap.data.aws_region.current","module.bootstrap.module.key.aws_kms_external_key.this","module.bootstrap.module.key.aws_kms_key.this","module.bootstrap.module.key.aws_kms_replica_external_key.this","module.bootstrap.module.key.aws_kms_replica_key.this","module.bootstrap.module.key.data.aws_caller_identity.current","module.bootstrap.module.key.data.aws_iam_policy_document.this","module.bootstrap.module.key.data.aws_partition.current","module.bootstrap.module.logs_bucket.aws_s3_bucket.this","module.bootstrap.module.logs_bucket.aws_s3_bucket_public_access_block.this","module.bootstrap.module.logs_bucket.aws_s3_directory_bucket.this","module.bootstrap.module.logs_bucket.data.aws_caller_identity.current","module.bootstrap.module.logs_bucket.data.aws_iam_policy_document.access_log_delivery","module.bootstrap.module.logs_bucket.data.aws_iam_policy_document.cloudtrail_log_delivery","module.bootstrap.module.logs_bucket.data.aws_iam_policy_document.combined","module.bootstrap.module.logs_bucket.data.aws_iam_policy_document.deny_incorrect_encryption_headers","module.bootstrap.module.logs_bucket.data.aws_iam_policy_document.deny_incorrect_kms_key_sse","module.bootstrap.module.logs_bucket.data.aws_iam_policy_document.deny_insecure_transport","module.bootstrap.module.logs_bucket.data.aws_iam_policy_document.deny_ssec_encrypted_object_uploads","module.bootstrap.module.logs_bucket.data.aws_iam_policy_document.deny_unencrypted_object_uploads","module.bootstrap.module.logs_bucket.data.aws_iam_policy_document.elb_log_delivery","module.bootstrap.module.logs_bucket.data.aws_iam_policy_document.inventory_and_analytics_destination_policy","module.bootstrap.module.logs_bucket.data.aws_iam_policy_document.lb_log_delivery","module.bootstrap.module.logs_bucket.data.aws_iam_policy_document.require_latest_tls","module.bootstrap.module.logs_bucket.data.aws_iam_policy_document.waf_log_delivery","module.bootstrap.module.logs_bucket.data.aws_partition.current","module.bootstrap.module.logs_bucket.data.aws_region.current","module.bootstrap.module.tf_bucket.aws_s3_bucket.this"]}]},{"module":"module.bootstrap.module.logs_bucket","mode":"managed","type":"aws_s3_bucket_public_access_block","name":"this","provider":"provider[\"registry.opentofu.org/hashicorp/aws\"]","instances":[{"index_key":0,"schema_version":0,"attributes":{"block_public_acls":true,"block_public_policy":true,"bucket":"myorg-myproject-nonprod-tf-eu-central-1-logs","id":"myorg-myproject-nonprod-tf-eu-central-1-logs","ignore_public_acls":true,"region":"eu-central-1","restrict_public_buckets":true,"skip_destroy":true},"sensitive_attributes":[],"private":"bnVsbA==","dependencies":["module.bootstrap.data.aws_region.current","module.bootstrap.module.logs_bucket.aws_s3_bucket.this"]}]},{"module":"module.bootstrap.module.logs_bucket","mode":"managed","type":"aws_s3_bucket_server_side_encryption_configuration","name":"this","provider":"provider[\"registry.opentofu.org/hashicorp/aws\"]","instances":[{"index_key":0,"schema_version":0,"attributes":{"bucket":"myorg-myproject-nonprod-tf-eu-central-1-logs","expected_bucket_owner":"","id":"myorg-myproject-nonprod-tf-eu-central-1-logs","region":"eu-central-1","rule":[{"apply_server_side_encryption_by_default":[{"kms_master_key_id":"alias/tf","sse_algorithm":"aws:kms"}],"blocked_encryption_types":[],"bucket_key_enabled":false}]},"sensitive_attributes":[],"private":"bnVsbA==","dependencies":["module.bootstrap.data.aws_region.current","module.bootstrap.module.logs_bucket.aws_s3_bucket.this","module.bootstrap.module.logs_bucket.aws_s3_directory_bucket.this"]}]},{"module":"module.bootstrap.module.tf_bucket","mode":"data","type":"aws_caller_identity","name":"current","provider":"provider[\"registry.opentofu.org/hashicorp/aws\"]","instances":[{"schema_version":0,"attributes":{"account_id":"031988645913","arn":"arn:aws:iam::031988645913:user/fabrice","id":"031988645913","user_id":"AIDAQO4VMAAM46AJQMMZB"},"sensitive_attributes":[]}]},{"module":"module.bootstrap.module.tf_bucket","mode":"data","type":"aws_partition","name":"current","provider":"provider[\"registry.opentofu.org/hashicorp/aws\"]","instances":[{"schema_version":0,"attributes":{"dns_suffix":"amazonaws.com","id":"aws","partition":"aws","reverse_dns_prefix":"com.amazonaws"},"sensitive_attributes":[]}]},{"module":"module.bootstrap.module.tf_bucket","mode":"data","type":"aws_region","name":"current","provider":"provider[\"registry.opentofu.org/hashicorp/aws\"]","instances":[{"schema_version":0,"attributes":{"description":"Europe (Frankfurt)","endpoint":"ec2.eu-central-1.amazonaws.com","id":"eu-central-1","name":"eu-central-1","region":"eu-central-1"},"sensitive_attributes":[]}]},{"module":"module.bootstrap.module.tf_bucket","mode":"managed","type":"aws_s3_bucket","name":"this","provider":"provider[\"registry.opentofu.org/hashicorp/aws\"]","instances":[{"index_key":0,"schema_version":0,"attributes":{"acceleration_status":"","acl":null,"arn":"arn:aws:s3:::myorg-myproject-nonprod-tf-eu-central-1","bucket":"myorg-myproject-nonprod-tf-eu-central-1","bucket_domain_name":"myorg-myproject-nonprod-tf-eu-central-1.s3.amazonaws.com","bucket_prefix":"","bucket_region":"eu-central-1","bucket_regional_domain_name":"myorg-myproject-nonprod-tf-eu-central-1.s3.eu-central-1.amazonaws.com","cors_rule":[],"force_destroy":false,"grant":[{"id":"0949aea840aa810177edaf746b5dd8f5bfe0b5a9ab3b6502ef70e4d9cf0752d9","permissions":["FULL_CONTROL"],"type":"CanonicalUser","uri":""}],"hosted_zone_id":"Z21DNDUVLTQW6Q","id":"myorg-myproject-nonprod-tf-eu-central-1","lifecycle_rule":[{"abort_incomplete_multipart_upload_days":0,"enabled":true,"expiration":[],"id":"cleanup","noncurrent_version_expiration":[{"days":365}],"noncurrent_version_transition":[],"prefix":"","tags":{},"transition":[]}],"logging":[{"target_bucket":"myorg-myproject-nonprod-tf-eu-central-1-logs","target_prefix":"tf-logs/"}],"object_lock_configuration":[],"object_lock_enabled":false,"policy":"","region":"eu-central-1","replication_configuration":[],"request_payer":"BucketOwner","server_side_encryption_configuration":[{"rule":[{"apply_server_side_encryption_by_default":[{"kms_master_key_id":"alias/tf","sse_algorithm":"aws:kms"}],"bucket_key_enabled":false}]}],"tags":{"ModuleSource":"modules/bootstrap","Name":"myorg-myproject-nonprod-tf-eu-central-1","Purpose":"Store OpenTofu states for the nonprod realm"},"tags_all":{"ModuleSource":"modules/bootstrap","Name":"myorg-myproject-nonprod-tf-eu-central-1","Purpose":"Store OpenTofu states for the nonprod realm","Realm":"nonprod","Source":"bootstrap/nonprod"},"timeouts":null,"versioning":[{"enabled":true,"mfa_delete":false}],"website":[],"website_domain":null,"website_endpoint":null},"sensitive_attributes":[],"private":"eyJlMmJmYjczMC1lY2FhLTExZTYtOGY4OC0zNDM2M2JjN2M0YzAiOnsiY3JlYXRlIjoxMjAwMDAwMDAwMDAwLCJkZWxldGUiOjM2MDAwMDAwMDAwMDAsInJlYWQiOjEyMDAwMDAwMDAwMDAsInVwZGF0ZSI6MTIwMDAwMDAwMDAwMH19","dependencies":["module.bootstrap.data.aws_region.current"]}]},{"module":"module.bootstrap.module.tf_bucket","mode":"managed","type":"aws_s3_bucket_lifecycle_configuration","name":"this","provider":"provider[\"registry.opentofu.org/hashicorp/aws\"]","instances":[{"index_key":0,"schema_version":1,"attributes":{"bucket":"myorg-myproject-nonprod-tf-eu-central-1","expected_bucket_owner":"","id":"myorg-myproject-nonprod-tf-eu-central-1","region":"eu-central-1","rule":[{"abort_incomplete_multipart_upload":[],"expiration":[],"filter":[],"id":"cleanup","noncurrent_version_expiration":[{"newer_noncurrent_versions":null,"noncurrent_days":365}],"noncurrent_version_transition":[],"prefix":"","status":"Enabled","transition":[]}],"timeouts":null,"transition_default_minimum_object_size":"all_storage_classes_128K"},"sensitive_attributes":[],"dependencies":["module.bootstrap.data.aws_region.current","module.bootstrap.module.tf_bucket.aws_s3_bucket.this","module.bootstrap.module.tf_bucket.aws_s3_bucket_replication_configuration.this","module.bootstrap.module.tf_bucket.aws_s3_bucket_versioning.this","module.bootstrap.module.tf_bucket.aws_s3_directory_bucket.this"]}]},{"module":"module.bootstrap.module.tf_bucket","mode":"managed","type":"aws_s3_bucket_logging","name":"this","provider":"provider[\"registry.opentofu.org/hashicorp/aws\"]","instances":[{"index_key":0,"schema_version":0,"attributes":{"bucket":"myorg-myproject-nonprod-tf-eu-central-1","expected_bucket_owner":"","id":"myorg-myproject-nonprod-tf-eu-central-1","region":"eu-central-1","target_bucket":"myorg-myproject-nonprod-tf-eu-central-1-logs","target_grant":[],"target_object_key_format":[{"partitioned_prefix":[{"partition_date_source":"EventTime"}],"simple_prefix":[]}],"target_prefix":"tf-logs/"},"sensitive_attributes":[],"private":"bnVsbA==","dependencies":["module.bootstrap.data.aws_region.current","module.bootstrap.module.logs_bucket.aws_s3_bucket.this","module.bootstrap.module.logs_bucket.aws_s3_directory_bucket.this","module.bootstrap.module.tf_bucket.aws_s3_bucket.this"]}]},{"module":"module.bootstrap.module.tf_bucket","mode":"managed","type":"aws_s3_bucket_public_access_block","name":"this","provider":"provider[\"registry.opentofu.org/hashicorp/aws\"]","instances":[{"index_key":0,"schema_version":0,"attributes":{"block_public_acls":true,"block_public_policy":true,"bucket":"myorg-myproject-nonprod-tf-eu-central-1","id":"myorg-myproject-nonprod-tf-eu-central-1","ignore_public_acls":true,"region":"eu-central-1","restrict_public_buckets":true,"skip_destroy":true},"sensitive_attributes":[],"private":"bnVsbA==","dependencies":["module.bootstrap.data.aws_region.current","module.bootstrap.module.tf_bucket.aws_s3_bucket.this"]}]},{"module":"module.bootstrap.module.tf_bucket","mode":"managed","type":"aws_s3_bucket_server_side_encryption_configuration","name":"this","provider":"provider[\"registry.opentofu.org/hashicorp/aws\"]","instances":[{"index_key":0,"schema_version":0,"attributes":{"bucket":"myorg-myproject-nonprod-tf-eu-central-1","expected_bucket_owner":"","id":"myorg-myproject-nonprod-tf-eu-central-1","region":"eu-central-1","rule":[{"apply_server_side_encryption_by_default":[{"kms_master_key_id":"alias/tf","sse_algorithm":"aws:kms"}],"blocked_encryption_types":[],"bucket_key_enabled":false}]},"sensitive_attributes":[],"private":"bnVsbA==","dependencies":["module.bootstrap.data.aws_region.current","module.bootstrap.module.tf_bucket.aws_s3_bucket.this","module.bootstrap.module.tf_bucket.aws_s3_directory_bucket.this"]}]},{"module":"module.bootstrap.module.tf_bucket","mode":"managed","type":"aws_s3_bucket_versioning","name":"this","provider":"provider[\"registry.opentofu.org/hashicorp/aws\"]","instances":[{"index_key":0,"schema_version":0,"attributes":{"bucket":"myorg-myproject-nonprod-tf-eu-central-1","expected_bucket_owner":"","id":"myorg-myproject-nonprod-tf-eu-central-1","mfa":null,"region":"eu-central-1","versioning_configuration":[{"mfa_delete":"","status":"Enabled"}]},"sensitive_attributes":[],"private":"bnVsbA==","dependencies":["module.bootstrap.data.aws_region.current","module.bootstrap.module.tf_bucket.aws_s3_bucket.this"]}]}],"check_results":[{"object_kind":"var","config_addr":"module.bootstrap.var.realm","status":"pass","objects":[{"object_addr":"module.bootstrap.var.realm","status":"pass"}]},{"object_kind":"var","config_addr":"module.bootstrap.var.org","status":"pass","objects":[{"object_addr":"module.bootstrap.var.org","status":"pass"}]},{"object_kind":"var","config_addr":"module.bootstrap.var.project","status":"pass","objects":[{"object_addr":"module.bootstrap.var.project","status":"pass"}]}]}
